
Microsoft Visual Studio Solution File, Format Version 12.00
# Visual Studio Version 17
VisualStudioVersion = 17.5.33627.172
MinimumVisualStudioVersion = 10.0.40219.1
Project("{FAE04EC0-301F-11D3-BF4B-00C04F79EFBC}") = "programa02_02", "programa02_02\programa02_02.csproj", "{2E58B051-C508-4D40-B58E-75039119BFCE}"
EndProject
Project("{2150E333-8FDC-42A3-9474-1A3956D46DE8}") = "Elementos de la solución", "Elementos de la solución", "{6F17F12C-43F7-4E35-BABC-8A523D00B042}"
EndProject
Global
	GlobalSection(SolutionConfigurationPlatforms) = preSolution
		Debug|Any CPU = Debug|Any CPU
		Release|Any CPU = Release|Any CPU
	EndGlobalSection
	GlobalSection(ProjectConfigurationPlatforms) = postSolution
		{2E58B051-C508-4D40-B58E-75039119BFCE}.Debug|Any CPU.ActiveCfg = Debug|Any CPU
		{2E58B051-C508-4D40-B58E-75039119BFCE}.Debug|Any CPU.Build.0 = Debug|Any CPU
		{2E58B051-C508-4D40-B58E-75039119BFCE}.Release|Any CPU.ActiveCfg = Release|Any CPU
		{2E58B051-C508-4D40-B58E-75039119BFCE}.Release|Any CPU.Build.0 = Release|Any CPU
	EndGlobalSection
	GlobalSection(SolutionProperties) = preSolution
		HideSolutionNode = FALSE
	EndGlobalSection
	GlobalSection(ExtensibilityGlobals) = postSolution
		SolutionGuid = {54770E42-A5D9-4101-85EC-CB7C804EF177}
	EndGlobalSection
EndGlobal
